
Microsoft Visual Studio Solution File, Format Version 12.00
Project("{FAE04EC0-301F-11D3-BF4B-00C04F79EFBC}") = "Desafio8", "Desafio8.csproj", "{232BD5EB-FD2D-4934-B4B2-AB45EF97D24B}"
EndProject
Global
	GlobalSection(SolutionConfigurationPlatforms) = preSolution
		Debug|Any CPU = Debug|Any CPU
		Release|Any CPU = Release|Any CPU
	EndGlobalSection
	GlobalSection(ProjectConfigurationPlatforms) = postSolution
		{232BD5EB-FD2D-4934-B4B2-AB45EF97D24B}.Debug|Any CPU.ActiveCfg = Debug|Any CPU
		{232BD5EB-FD2D-4934-B4B2-AB45EF97D24B}.Debug|Any CPU.Build.0 = Debug|Any CPU
		{232BD5EB-FD2D-4934-B4B2-AB45EF97D24B}.Release|Any CPU.ActiveCfg = Release|Any CPU
		{232BD5EB-FD2D-4934-B4B2-AB45EF97D24B}.Release|Any CPU.Build.0 = Release|Any CPU
	EndGlobalSection
EndGlobal
