
Microsoft Visual Studio Solution File, Format Version 12.00
Project("{FAE04EC0-301F-11D3-BF4B-00C04F79EFBC}") = "Desafio7C", "Desafio7C.csproj", "{8A82F280-7F5F-4C85-9C06-AD565979293A}"
EndProject
Global
	GlobalSection(SolutionConfigurationPlatforms) = preSolution
		Debug|Any CPU = Debug|Any CPU
		Release|Any CPU = Release|Any CPU
	EndGlobalSection
	GlobalSection(ProjectConfigurationPlatforms) = postSolution
		{8A82F280-7F5F-4C85-9C06-AD565979293A}.Debug|Any CPU.ActiveCfg = Debug|Any CPU
		{8A82F280-7F5F-4C85-9C06-AD565979293A}.Debug|Any CPU.Build.0 = Debug|Any CPU
		{8A82F280-7F5F-4C85-9C06-AD565979293A}.Release|Any CPU.ActiveCfg = Release|Any CPU
		{8A82F280-7F5F-4C85-9C06-AD565979293A}.Release|Any CPU.Build.0 = Release|Any CPU
	EndGlobalSection
EndGlobal
